Microsoft Visual Studio Solution File, Format Version 12.00
# Visual Studio Version 16
VisualStudioVersion = 16.0.0.0
MinimumVisualStudioVersion = 16.0.0.0
Project("{9A19103F-16F7-4668-BE54-9A1E7A4F7556}") = "VeloTiming.Server", "Server\VeloTiming.Server.csproj", "{0138CA2A-7FA7-4893-8465-886B58C97294}"
EndProject
Project("{9A19103F-16F7-4668-BE54-9A1E7A4F7556}") = "VeloTiming.Client", "Client\VeloTiming.Client.csproj", "{DCA19916-4CF9-4A20-917A-F40BD9F560E8}"
EndProject
Project("{9A19103F-16F7-4668-BE54-9A1E7A4F7556}") = "VeloTiming.Shared", "Shared\VeloTiming.Shared.csproj", "{DB12B97F-AC91-41A2-B5BE-D8189B44F7E7}"
EndProject
Project("{2150E333-8FDC-42A3-9474-1A3956D46DE8}") = "Solution Items", "Solution Items", "{7EFF9B5A-19C8-478B-9648-0F776B575A1F}"
	ProjectSection(SolutionItems) = preProject
		azure-pipelines.yml = azure-pipelines.yml
	EndProjectSection
EndProject
Project("{FAE04EC0-301F-11D3-BF4B-00C04F79EFBC}") = "VeloTiming.Server.Tests", "Tests\VeloTiming.Server.Tests\VeloTiming.Server.Tests.csproj", "{596C10A2-BD50-403E-9494-A4650A8342AB}"
EndProject
Project("{2150E333-8FDC-42A3-9474-1A3956D46DE8}") = "Tests", "Tests", "{79A23052-2725-434C-BC33-F5683C4098A1}"
EndProject
Global
	GlobalSection(SolutionConfigurationPlatforms) = preSolution
		Debug|Any CPU = Debug|Any CPU
		Debug|x64 = Debug|x64
		Debug|x86 = Debug|x86
		Release|Any CPU = Release|Any CPU
		Release|x64 = Release|x64
		Release|x86 = Release|x86
	EndGlobalSection
	GlobalSection(ProjectConfigurationPlatforms) = postSolution
		{0138CA2A-7FA7-4893-8465-886B58C97294}.Debug|Any CPU.ActiveCfg = Debug|Any CPU
		{0138CA2A-7FA7-4893-8465-886B58C97294}.Debug|Any CPU.Build.0 = Debug|Any CPU
		{0138CA2A-7FA7-4893-8465-886B58C97294}.Debug|x64.ActiveCfg = Debug|Any CPU
		{0138CA2A-7FA7-4893-8465-886B58C97294}.Debug|x64.Build.0 = Debug|Any CPU
		{0138CA2A-7FA7-4893-8465-886B58C97294}.Debug|x86.ActiveCfg = Debug|Any CPU
		{0138CA2A-7FA7-4893-8465-886B58C97294}.Debug|x86.Build.0 = Debug|Any CPU
		{0138CA2A-7FA7-4893-8465-886B58C97294}.Release|Any CPU.ActiveCfg = Release|Any CPU
		{0138CA2A-7FA7-4893-8465-886B58C97294}.Release|Any CPU.Build.0 = Release|Any CPU
		{0138CA2A-7FA7-4893-8465-886B58C97294}.Release|x64.ActiveCfg = Release|Any CPU
		{0138CA2A-7FA7-4893-8465-886B58C97294}.Release|x64.Build.0 = Release|Any CPU
		{0138CA2A-7FA7-4893-8465-886B58C97294}.Release|x86.ActiveCfg = Release|Any CPU
		{0138CA2A-7FA7-4893-8465-886B58C97294}.Release|x86.Build.0 = Release|Any CPU
		{DCA19916-4CF9-4A20-917A-F40BD9F560E8}.Debug|Any CPU.ActiveCfg = Debug|Any CPU
		{DCA19916-4CF9-4A20-917A-F40BD9F560E8}.Debug|Any CPU.Build.0 = Debug|Any CPU
		{DCA19916-4CF9-4A20-917A-F40BD9F560E8}.Debug|x64.ActiveCfg = Debug|Any CPU
		{DCA19916-4CF9-4A20-917A-F40BD9F560E8}.Debug|x64.Build.0 = Debug|Any CPU
		{DCA19916-4CF9-4A20-917A-F40BD9F560E8}.Debug|x86.ActiveCfg = Debug|Any CPU
		{DCA19916-4CF9-4A20-917A-F40BD9F560E8}.Debug|x86.Build.0 = Debug|Any CPU
		{DCA19916-4CF9-4A20-917A-F40BD9F560E8}.Release|Any CPU.ActiveCfg = Release|Any CPU
		{DCA19916-4CF9-4A20-917A-F40BD9F560E8}.Release|Any CPU.Build.0 = Release|Any CPU
		{DCA19916-4CF9-4A20-917A-F40BD9F560E8}.Release|x64.ActiveCfg = Release|Any CPU
		{DCA19916-4CF9-4A20-917A-F40BD9F560E8}.Release|x64.Build.0 = Release|Any CPU
		{DCA19916-4CF9-4A20-917A-F40BD9F560E8}.Release|x86.ActiveCfg = Release|Any CPU
		{DCA19916-4CF9-4A20-917A-F40BD9F560E8}.Release|x86.Build.0 = Release|Any CPU
		{DB12B97F-AC91-41A2-B5BE-D8189B44F7E7}.Debug|Any CPU.ActiveCfg = Debug|Any CPU
		{DB12B97F-AC91-41A2-B5BE-D8189B44F7E7}.Debug|Any CPU.Build.0 = Debug|Any CPU
		{DB12B97F-AC91-41A2-B5BE-D8189B44F7E7}.Debug|x64.ActiveCfg = Debug|Any CPU
		{DB12B97F-AC91-41A2-B5BE-D8189B44F7E7}.Debug|x64.Build.0 = Debug|Any CPU
		{DB12B97F-AC91-41A2-B5BE-D8189B44F7E7}.Debug|x86.ActiveCfg = Debug|Any CPU
		{DB12B97F-AC91-41A2-B5BE-D8189B44F7E7}.Debug|x86.Build.0 = Debug|Any CPU
		{DB12B97F-AC91-41A2-B5BE-D8189B44F7E7}.Release|Any CPU.ActiveCfg = Release|Any CPU
		{DB12B97F-AC91-41A2-B5BE-D8189B44F7E7}.Release|Any CPU.Build.0 = Release|Any CPU
		{DB12B97F-AC91-41A2-B5BE-D8189B44F7E7}.Release|x64.ActiveCfg = Release|Any CPU
		{DB12B97F-AC91-41A2-B5BE-D8189B44F7E7}.Release|x64.Build.0 = Release|Any CPU
		{DB12B97F-AC91-41A2-B5BE-D8189B44F7E7}.Release|x86.ActiveCfg = Release|Any CPU
		{DB12B97F-AC91-41A2-B5BE-D8189B44F7E7}.Release|x86.Build.0 = Release|Any CPU
		{596C10A2-BD50-403E-9494-A4650A8342AB}.Debug|Any CPU.ActiveCfg = Debug|Any CPU
		{596C10A2-BD50-403E-9494-A4650A8342AB}.Debug|Any CPU.Build.0 = Debug|Any CPU
		{596C10A2-BD50-403E-9494-A4650A8342AB}.Debug|x64.ActiveCfg = Debug|Any CPU
		{596C10A2-BD50-403E-9494-A4650A8342AB}.Debug|x64.Build.0 = Debug|Any CPU
		{596C10A2-BD50-403E-9494-A4650A8342AB}.Debug|x86.ActiveCfg = Debug|Any CPU
		{596C10A2-BD50-403E-9494-A4650A8342AB}.Debug|x86.Build.0 = Debug|Any CPU
		{596C10A2-BD50-403E-9494-A4650A8342AB}.Release|Any CPU.ActiveCfg = Release|Any CPU
		{596C10A2-BD50-403E-9494-A4650A8342AB}.Release|Any CPU.Build.0 = Release|Any CPU
		{596C10A2-BD50-403E-9494-A4650A8342AB}.Release|x64.ActiveCfg = Release|Any CPU
		{596C10A2-BD50-403E-9494-A4650A8342AB}.Release|x64.Build.0 = Release|Any CPU
		{596C10A2-BD50-403E-9494-A4650A8342AB}.Release|x86.ActiveCfg = Release|Any CPU
		{596C10A2-BD50-403E-9494-A4650A8342AB}.Release|x86.Build.0 = Release|Any CPU
	EndGlobalSection
	GlobalSection(SolutionProperties) = preSolution
		HideSolutionNode = FALSE
	EndGlobalSection
	GlobalSection(ExtensibilityGlobals) = postSolution
		SolutionGuid = {48A7D811-D911-45B6-8624-61ABA68610B9}
	EndGlobalSection
	GlobalSection(NestedProjects) = preSolution
		{596C10A2-BD50-403E-9494-A4650A8342AB} = {79A23052-2725-434C-BC33-F5683C4098A1}
	EndGlobalSection
EndGlobal
